
Microsoft Visual Studio Solution File, Format Version 12.00
# Visual Studio Version 17
VisualStudioVersion = 17.3.32819.101
MinimumVisualStudioVersion = 10.0.40219.1
Project("{8BC9CEB8-8B4A-11D0-8D11-00A0C91BC942}") = "lab_3.1.4", "lab_3.1.4.vcxproj", "{782F4D52-ACFE-408C-B3C1-D9EC29F2CF35}"
EndProject
Global
	GlobalSection(SolutionConfigurationPlatforms) = preSolution
		Debug|x64 = Debug|x64
		Debug|x86 = Debug|x86
		Release|x64 = Release|x64
		Release|x86 = Release|x86
	EndGlobalSection
	GlobalSection(ProjectConfigurationPlatforms) = postSolution
		{782F4D52-ACFE-408C-B3C1-D9EC29F2CF35}.Debug|x64.ActiveCfg = Debug|x64
		{782F4D52-ACFE-408C-B3C1-D9EC29F2CF35}.Debug|x64.Build.0 = Debug|x64
		{782F4D52-ACFE-408C-B3C1-D9EC29F2CF35}.Debug|x86.ActiveCfg = Debug|Win32
		{782F4D52-ACFE-408C-B3C1-D9EC29F2CF35}.Debug|x86.Build.0 = Debug|Win32
		{782F4D52-ACFE-408C-B3C1-D9EC29F2CF35}.Release|x64.ActiveCfg = Release|x64
		{782F4D52-ACFE-408C-B3C1-D9EC29F2CF35}.Release|x64.Build.0 = Release|x64
		{782F4D52-ACFE-408C-B3C1-D9EC29F2CF35}.Release|x86.ActiveCfg = Release|Win32
		{782F4D52-ACFE-408C-B3C1-D9EC29F2CF35}.Release|x86.Build.0 = Release|Win32
	EndGlobalSection
	GlobalSection(SolutionProperties) = preSolution
		HideSolutionNode = FALSE
	EndGlobalSection
	GlobalSection(ExtensibilityGlobals) = postSolution
		SolutionGuid = {F5E6D0F3-F073-4E9D-9A87-DC532E1B3D09}
	EndGlobalSection
EndGlobal
