
Microsoft Visual Studio Solution File, Format Version 12.00
# Visual Studio Version 17
VisualStudioVersion = 17.3.32819.101
MinimumVisualStudioVersion = 10.0.40219.1
Project("{8BC9CEB8-8B4A-11D0-8D11-00A0C91BC942}") = "lab_3.2.12", "lab_3.2.12.vcxproj", "{57CB259B-EB26-4738-91F1-B12B46BC8120}"
EndProject
Global
	GlobalSection(SolutionConfigurationPlatforms) = preSolution
		Debug|x64 = Debug|x64
		Debug|x86 = Debug|x86
		Release|x64 = Release|x64
		Release|x86 = Release|x86
	EndGlobalSection
	GlobalSection(ProjectConfigurationPlatforms) = postSolution
		{57CB259B-EB26-4738-91F1-B12B46BC8120}.Debug|x64.ActiveCfg = Debug|x64
		{57CB259B-EB26-4738-91F1-B12B46BC8120}.Debug|x64.Build.0 = Debug|x64
		{57CB259B-EB26-4738-91F1-B12B46BC8120}.Debug|x86.ActiveCfg = Debug|Win32
		{57CB259B-EB26-4738-91F1-B12B46BC8120}.Debug|x86.Build.0 = Debug|Win32
		{57CB259B-EB26-4738-91F1-B12B46BC8120}.Release|x64.ActiveCfg = Release|x64
		{57CB259B-EB26-4738-91F1-B12B46BC8120}.Release|x64.Build.0 = Release|x64
		{57CB259B-EB26-4738-91F1-B12B46BC8120}.Release|x86.ActiveCfg = Release|Win32
		{57CB259B-EB26-4738-91F1-B12B46BC8120}.Release|x86.Build.0 = Release|Win32
	EndGlobalSection
	GlobalSection(SolutionProperties) = preSolution
		HideSolutionNode = FALSE
	EndGlobalSection
	GlobalSection(ExtensibilityGlobals) = postSolution
		SolutionGuid = {55669B23-EB0A-484F-A3C2-87E2A5954B87}
	EndGlobalSection
EndGlobal
